
Microsoft Visual Studio Solution File, Format Version 12.00
# Visual Studio 2013
VisualStudioVersion = 12.0.31101.0
MinimumVisualStudioVersion = 10.0.40219.1
Project("{FAE04EC0-301F-11D3-BF4B-00C04F79EFBC}") = "EuropeanImports", "EuropeanImports\EuropeanImports.csproj", "{35FD168E-FD48-4179-AD4E-9DB874C1ADEA}"
EndProject
Project("{FAE04EC0-301F-11D3-BF4B-00C04F79EFBC}") = "EuropeanImports.Data", "EuropeanImports.Data\EuropeanImports.Data.csproj", "{A8970F81-0329-484E-AF53-275C9B9A2A5B}"
EndProject
Project("{FAE04EC0-301F-11D3-BF4B-00C04F79EFBC}") = "EuropeanImports.Data.Models", "EuropeanImports.Data.Models\EuropeanImports.Data.Models.csproj", "{5AFD7CDB-B73C-45D8-84AF-10A0E99504CD}"
EndProject
Global
	GlobalSection(SolutionConfigurationPlatforms) = preSolution
		Debug|Any CPU = Debug|Any CPU
		Release|Any CPU = Release|Any CPU
	EndGlobalSection
	GlobalSection(ProjectConfigurationPlatforms) = postSolution
		{35FD168E-FD48-4179-AD4E-9DB874C1ADEA}.Debug|Any CPU.ActiveCfg = Debug|Any CPU
		{35FD168E-FD48-4179-AD4E-9DB874C1ADEA}.Debug|Any CPU.Build.0 = Debug|Any CPU
		{35FD168E-FD48-4179-AD4E-9DB874C1ADEA}.Release|Any CPU.ActiveCfg = Release|Any CPU
		{35FD168E-FD48-4179-AD4E-9DB874C1ADEA}.Release|Any CPU.Build.0 = Release|Any CPU
		{A8970F81-0329-484E-AF53-275C9B9A2A5B}.Debug|Any CPU.ActiveCfg = Debug|Any CPU
		{A8970F81-0329-484E-AF53-275C9B9A2A5B}.Debug|Any CPU.Build.0 = Debug|Any CPU
		{A8970F81-0329-484E-AF53-275C9B9A2A5B}.Release|Any CPU.ActiveCfg = Release|Any CPU
		{A8970F81-0329-484E-AF53-275C9B9A2A5B}.Release|Any CPU.Build.0 = Release|Any CPU
		{5AFD7CDB-B73C-45D8-84AF-10A0E99504CD}.Debug|Any CPU.ActiveCfg = Debug|Any CPU
		{5AFD7CDB-B73C-45D8-84AF-10A0E99504CD}.Debug|Any CPU.Build.0 = Debug|Any CPU
		{5AFD7CDB-B73C-45D8-84AF-10A0E99504CD}.Release|Any CPU.ActiveCfg = Release|Any CPU
		{5AFD7CDB-B73C-45D8-84AF-10A0E99504CD}.Release|Any CPU.Build.0 = Release|Any CPU
	EndGlobalSection
	GlobalSection(SolutionProperties) = preSolution
		HideSolutionNode = FALSE
	EndGlobalSection
EndGlobal
