
Microsoft Visual Studio Solution File, Format Version 12.00
# Visual Studio 2013
VisualStudioVersion = 12.0.31101.0
MinimumVisualStudioVersion = 10.0.40219.1
Project("{FAE04EC0-301F-11D3-BF4B-00C04F79EFBC}") = "JSDay2TypeScript", "JSDay2TypeScript\JSDay2TypeScript.csproj", "{B8F3CF86-0425-45E7-AB9B-26F26EB53B65}"
EndProject
Global
	GlobalSection(SolutionConfigurationPlatforms) = preSolution
		Debug|Any CPU = Debug|Any CPU
		Release|Any CPU = Release|Any CPU
	EndGlobalSection
	GlobalSection(ProjectConfigurationPlatforms) = postSolution
		{B8F3CF86-0425-45E7-AB9B-26F26EB53B65}.Debug|Any CPU.ActiveCfg = Debug|Any CPU
		{B8F3CF86-0425-45E7-AB9B-26F26EB53B65}.Debug|Any CPU.Build.0 = Debug|Any CPU
		{B8F3CF86-0425-45E7-AB9B-26F26EB53B65}.Release|Any CPU.ActiveCfg = Release|Any CPU
		{B8F3CF86-0425-45E7-AB9B-26F26EB53B65}.Release|Any CPU.Build.0 = Release|Any CPU
	EndGlobalSection
	GlobalSection(SolutionProperties) = preSolution
		HideSolutionNode = FALSE
	EndGlobalSection
EndGlobal
