
Microsoft Visual Studio Solution File, Format Version 12.00
# Visual Studio 2013
VisualStudioVersion = 12.0.31101.0
MinimumVisualStudioVersion = 10.0.40219.1
Project("{FAE04EC0-301F-11D3-BF4B-00C04F79EFBC}") = "ASPNetTemplates", "ASPNetTemplates\ASPNetTemplates.csproj", "{42798040-549A-4EA0-86F7-59CB2C6B94A1}"
EndProject
Global
	GlobalSection(SolutionConfigurationPlatforms) = preSolution
		Debug|Any CPU = Debug|Any CPU
		Release|Any CPU = Release|Any CPU
	EndGlobalSection
	GlobalSection(ProjectConfigurationPlatforms) = postSolution
		{42798040-549A-4EA0-86F7-59CB2C6B94A1}.Debug|Any CPU.ActiveCfg = Debug|Any CPU
		{42798040-549A-4EA0-86F7-59CB2C6B94A1}.Debug|Any CPU.Build.0 = Debug|Any CPU
		{42798040-549A-4EA0-86F7-59CB2C6B94A1}.Release|Any CPU.ActiveCfg = Release|Any CPU
		{42798040-549A-4EA0-86F7-59CB2C6B94A1}.Release|Any CPU.Build.0 = Release|Any CPU
	EndGlobalSection
	GlobalSection(SolutionProperties) = preSolution
		HideSolutionNode = FALSE
	EndGlobalSection
EndGlobal
